
Microsoft Visual Studio Solution File, Format Version 12.00
# Visual Studio Version 17
VisualStudioVersion = 17.3.32929.385
MinimumVisualStudioVersion = 10.0.40219.1
Project("{FAE04EC0-301F-11D3-BF4B-00C04F79EFBC}") = "RazorPages", "RazorPages\RazorPages.csproj", "{94C3FEF3-7689-4AD1-8DB0-7528E93FB98F}"
EndProject
Project("{FAE04EC0-301F-11D3-BF4B-00C04F79EFBC}") = "MVC", "MVC\MVC.csproj", "{83947A61-6BE6-4FD7-B776-4DDD2B4D35BE}"
EndProject
Project("{FAE04EC0-301F-11D3-BF4B-00C04F79EFBC}") = "API", "API\API.csproj", "{881CF3D6-3D32-46DA-BE3A-3888FA649B30}"
EndProject
Project("{FAE04EC0-301F-11D3-BF4B-00C04F79EFBC}") = "BlazorServer", "BlazorServer\BlazorServer.csproj", "{7CFC5B53-39F7-4272-9545-B325E41C8D64}"
EndProject
Project("{FAE04EC0-301F-11D3-BF4B-00C04F79EFBC}") = "BlazorWasm", "BlazorWasm\BlazorWasm.csproj", "{1D6FCCC0-77D7-4A8C-B7C4-6DE876BF777A}"
EndProject
Global
	GlobalSection(SolutionConfigurationPlatforms) = preSolution
		Debug|Any CPU = Debug|Any CPU
		Release|Any CPU = Release|Any CPU
	EndGlobalSection
	GlobalSection(ProjectConfigurationPlatforms) = postSolution
		{94C3FEF3-7689-4AD1-8DB0-7528E93FB98F}.Debug|Any CPU.ActiveCfg = Debug|Any CPU
		{94C3FEF3-7689-4AD1-8DB0-7528E93FB98F}.Debug|Any CPU.Build.0 = Debug|Any CPU
		{94C3FEF3-7689-4AD1-8DB0-7528E93FB98F}.Release|Any CPU.ActiveCfg = Release|Any CPU
		{94C3FEF3-7689-4AD1-8DB0-7528E93FB98F}.Release|Any CPU.Build.0 = Release|Any CPU
		{83947A61-6BE6-4FD7-B776-4DDD2B4D35BE}.Debug|Any CPU.ActiveCfg = Debug|Any CPU
		{83947A61-6BE6-4FD7-B776-4DDD2B4D35BE}.Debug|Any CPU.Build.0 = Debug|Any CPU
		{83947A61-6BE6-4FD7-B776-4DDD2B4D35BE}.Release|Any CPU.ActiveCfg = Release|Any CPU
		{83947A61-6BE6-4FD7-B776-4DDD2B4D35BE}.Release|Any CPU.Build.0 = Release|Any CPU
		{881CF3D6-3D32-46DA-BE3A-3888FA649B30}.Debug|Any CPU.ActiveCfg = Debug|Any CPU
		{881CF3D6-3D32-46DA-BE3A-3888FA649B30}.Debug|Any CPU.Build.0 = Debug|Any CPU
		{881CF3D6-3D32-46DA-BE3A-3888FA649B30}.Release|Any CPU.ActiveCfg = Release|Any CPU
		{881CF3D6-3D32-46DA-BE3A-3888FA649B30}.Release|Any CPU.Build.0 = Release|Any CPU
		{7CFC5B53-39F7-4272-9545-B325E41C8D64}.Debug|Any CPU.ActiveCfg = Debug|Any CPU
		{7CFC5B53-39F7-4272-9545-B325E41C8D64}.Debug|Any CPU.Build.0 = Debug|Any CPU
		{7CFC5B53-39F7-4272-9545-B325E41C8D64}.Release|Any CPU.ActiveCfg = Release|Any CPU
		{7CFC5B53-39F7-4272-9545-B325E41C8D64}.Release|Any CPU.Build.0 = Release|Any CPU
		{1D6FCCC0-77D7-4A8C-B7C4-6DE876BF777A}.Debug|Any CPU.ActiveCfg = Debug|Any CPU
		{1D6FCCC0-77D7-4A8C-B7C4-6DE876BF777A}.Debug|Any CPU.Build.0 = Debug|Any CPU
		{1D6FCCC0-77D7-4A8C-B7C4-6DE876BF777A}.Release|Any CPU.ActiveCfg = Release|Any CPU
		{1D6FCCC0-77D7-4A8C-B7C4-6DE876BF777A}.Release|Any CPU.Build.0 = Release|Any CPU
	EndGlobalSection
	GlobalSection(SolutionProperties) = preSolution
		HideSolutionNode = FALSE
	EndGlobalSection
	GlobalSection(ExtensibilityGlobals) = postSolution
		SolutionGuid = {DE98DEDE-B7DA-4825-9CEC-93617F3DC079}
	EndGlobalSection
EndGlobal
